Microsoft Visual Studio Solution File, Format Version 11.00
# Visual Studio 2008

Project("{D63F8B2D-4550-AEAD-4CD5-6968403AEE1C}") = "Todo_Kinder", "Assembly-CSharp.csproj", "{9FA87774-F897-4670-043D-C79059CEDE18}"
EndProject
Project("{D63F8B2D-4550-AEAD-4CD5-6968403AEE1C}") = "Todo_Kinder", "Assembly-CSharp-Editor.csproj", "{46BDED07-4045-AF27-E2CD-347D54779736}"
EndProject
Global
	GlobalSection(SolutionConfigurationPlatforms) = preSolution
		Debug|Any CPU = Debug|Any CPU
		Release|Any CPU = Release|Any CPU
	EndGlobalSection
	GlobalSection(ProjectConfigurationPlatforms) = postSolution
		{9FA87774-F897-4670-043D-C79059CEDE18}.Debug|Any CPU.ActiveCfg = Debug|Any CPU
		{9FA87774-F897-4670-043D-C79059CEDE18}.Debug|Any CPU.Build.0 = Debug|Any CPU
		{9FA87774-F897-4670-043D-C79059CEDE18}.Release|Any CPU.ActiveCfg = Release|Any CPU
		{9FA87774-F897-4670-043D-C79059CEDE18}.Release|Any CPU.Build.0 = Release|Any CPU
		{46BDED07-4045-AF27-E2CD-347D54779736}.Debug|Any CPU.ActiveCfg = Debug|Any CPU
		{46BDED07-4045-AF27-E2CD-347D54779736}.Debug|Any CPU.Build.0 = Debug|Any CPU
		{46BDED07-4045-AF27-E2CD-347D54779736}.Release|Any CPU.ActiveCfg = Release|Any CPU
		{46BDED07-4045-AF27-E2CD-347D54779736}.Release|Any CPU.Build.0 = Release|Any CPU
	EndGlobalSection
	GlobalSection(SolutionProperties) = preSolution
		HideSolutionNode = FALSE
	EndGlobalSection
	GlobalSection(MonoDevelopProperties) = preSolution
		StartupItem = Assembly-CSharp.csproj
	EndGlobalSection
EndGlobal
